
Microsoft Visual Studio Solution File, Format Version 12.00
# Visual Studio Version 17
VisualStudioVersion = 17.4.33205.214
MinimumVisualStudioVersion = 10.0.40219.1
Project("{2150E333-8FDC-42A3-9474-1A3956D46DE8}") = "Services", "Services", "{0ED0321E-C729-4653-BF1D-2E8DA1D1200A}"
EndProject
Project("{2150E333-8FDC-42A3-9474-1A3956D46DE8}") = "Catalog", "Catalog", "{B73BB302-C2F4-4337-9334-01893414AD86}"
EndProject
Project("{9A19103F-16F7-4668-BE54-9A1E7A4F7556}") = "Catalog.API", "Services\Catalog\Catalog.API\Catalog.API.csproj", "{8A5C8714-5EF7-43B5-B4E3-BA62C944EB34}"
EndProject
Project("{E53339B2-1760-4266-BCC7-CA923CBCF16C}") = "docker-compose", "docker-compose.dcproj", "{40723135-AE02-42CC-9F04-B70CFC5E50D3}"
EndProject
Project("{2150E333-8FDC-42A3-9474-1A3956D46DE8}") = "Basket", "Basket", "{D8AAAEA9-37AF-4404-B92D-F095F33EDD69}"
EndProject
Project("{9A19103F-16F7-4668-BE54-9A1E7A4F7556}") = "Basket.API", "Services\Basket\Basket.API\Basket.API.csproj", "{BAC1F1ED-8FF9-4FA8-8F4D-9C86A4DDFA3F}"
EndProject
Project("{2150E333-8FDC-42A3-9474-1A3956D46DE8}") = "Discount", "Discount", "{267C34CE-E302-4838-89B1-4DFEAB347053}"
EndProject
Project("{9A19103F-16F7-4668-BE54-9A1E7A4F7556}") = "Discount.API", "Services\Discount\Discount.API\Discount.API.csproj", "{B401B0FC-B6AE-4E0A-A6B7-24BDDA9EA2A4}"
EndProject
Project("{2150E333-8FDC-42A3-9474-1A3956D46DE8}") = "Ordering", "Ordering", "{88E48B39-A0A1-429A-8F6D-D7C2FF50706C}"
EndProject
Project("{2150E333-8FDC-42A3-9474-1A3956D46DE8}") = "Ordering.API", "Ordering.API", "{A477CF02-590F-4703-99C8-D7137C4274CF}"
EndProject
Project("{2150E333-8FDC-42A3-9474-1A3956D46DE8}") = "Ordering.Application", "Ordering.Application", "{41AADC90-6BFA-4DFF-8FDA-FD6F409A8366}"
EndProject
Project("{2150E333-8FDC-42A3-9474-1A3956D46DE8}") = "Ordering.Domain", "Ordering.Domain", "{55C32399-0542-40FF-B7F5-405A400FD992}"
EndProject
Project("{2150E333-8FDC-42A3-9474-1A3956D46DE8}") = "Ordering.Infrastructure", "Ordering.Infrastructure", "{2BE2B58E-0DA6-48DE-8CA1-2BE2FEFD32CA}"
EndProject
Project("{9A19103F-16F7-4668-BE54-9A1E7A4F7556}") = "Ordering.API", "Services\Ordering\Ordering.API\Ordering.API.csproj", "{3A9136BD-01D5-405A-A5B2-395CFD35513E}"
EndProject
Project("{9A19103F-16F7-4668-BE54-9A1E7A4F7556}") = "Ordering.Application", "Services\Ordering\Ordering.Application\Ordering.Application.csproj", "{B7548492-B33B-4973-8210-902D18895A43}"
EndProject
Project("{9A19103F-16F7-4668-BE54-9A1E7A4F7556}") = "Ordering.Domain", "Services\Ordering\Ordering.Domain\Ordering.Domain.csproj", "{929EA85A-2296-4A30-8186-7DDAD315088E}"
EndProject
Project("{9A19103F-16F7-4668-BE54-9A1E7A4F7556}") = "Ordering.Infrastructure", "Services\Ordering\Ordering.Infrastructure\Ordering.Infrastructure.csproj", "{B66BAECA-B419-47F0-9396-4E3D2D4D4881}"
EndProject
Project("{2150E333-8FDC-42A3-9474-1A3956D46DE8}") = "BuildingBlocks", "BuildingBlocks", "{FAAB57D6-B59B-4068-B2AF-B1716D93F2F6}"
EndProject
Project("{FAE04EC0-301F-11D3-BF4B-00C04F79EFBC}") = "EventBus.Messages", "BuildingBlocks\EventBus.Messages\EventBus.Messages.csproj", "{DD2CD5F3-106E-41B2-9EB9-5220AECC9ADE}"
EndProject
Global
	GlobalSection(SolutionConfigurationPlatforms) = preSolution
		Debug|Any CPU = Debug|Any CPU
		Release|Any CPU = Release|Any CPU
	EndGlobalSection
	GlobalSection(ProjectConfigurationPlatforms) = postSolution
		{8A5C8714-5EF7-43B5-B4E3-BA62C944EB34}.Debug|Any CPU.ActiveCfg = Debug|Any CPU
		{8A5C8714-5EF7-43B5-B4E3-BA62C944EB34}.Debug|Any CPU.Build.0 = Debug|Any CPU
		{8A5C8714-5EF7-43B5-B4E3-BA62C944EB34}.Release|Any CPU.ActiveCfg = Release|Any CPU
		{8A5C8714-5EF7-43B5-B4E3-BA62C944EB34}.Release|Any CPU.Build.0 = Release|Any CPU
		{40723135-AE02-42CC-9F04-B70CFC5E50D3}.Debug|Any CPU.ActiveCfg = Debug|Any CPU
		{40723135-AE02-42CC-9F04-B70CFC5E50D3}.Debug|Any CPU.Build.0 = Debug|Any CPU
		{40723135-AE02-42CC-9F04-B70CFC5E50D3}.Release|Any CPU.ActiveCfg = Release|Any CPU
		{40723135-AE02-42CC-9F04-B70CFC5E50D3}.Release|Any CPU.Build.0 = Release|Any CPU
		{BAC1F1ED-8FF9-4FA8-8F4D-9C86A4DDFA3F}.Debug|Any CPU.ActiveCfg = Debug|Any CPU
		{BAC1F1ED-8FF9-4FA8-8F4D-9C86A4DDFA3F}.Debug|Any CPU.Build.0 = Debug|Any CPU
		{BAC1F1ED-8FF9-4FA8-8F4D-9C86A4DDFA3F}.Release|Any CPU.ActiveCfg = Release|Any CPU
		{BAC1F1ED-8FF9-4FA8-8F4D-9C86A4DDFA3F}.Release|Any CPU.Build.0 = Release|Any CPU
		{B401B0FC-B6AE-4E0A-A6B7-24BDDA9EA2A4}.Debug|Any CPU.ActiveCfg = Debug|Any CPU
		{B401B0FC-B6AE-4E0A-A6B7-24BDDA9EA2A4}.Debug|Any CPU.Build.0 = Debug|Any CPU
		{B401B0FC-B6AE-4E0A-A6B7-24BDDA9EA2A4}.Release|Any CPU.ActiveCfg = Release|Any CPU
		{B401B0FC-B6AE-4E0A-A6B7-24BDDA9EA2A4}.Release|Any CPU.Build.0 = Release|Any CPU
		{3A9136BD-01D5-405A-A5B2-395CFD35513E}.Debug|Any CPU.ActiveCfg = Debug|Any CPU
		{3A9136BD-01D5-405A-A5B2-395CFD35513E}.Debug|Any CPU.Build.0 = Debug|Any CPU
		{3A9136BD-01D5-405A-A5B2-395CFD35513E}.Release|Any CPU.ActiveCfg = Release|Any CPU
		{3A9136BD-01D5-405A-A5B2-395CFD35513E}.Release|Any CPU.Build.0 = Release|Any CPU
		{B7548492-B33B-4973-8210-902D18895A43}.Debug|Any CPU.ActiveCfg = Debug|Any CPU
		{B7548492-B33B-4973-8210-902D18895A43}.Debug|Any CPU.Build.0 = Debug|Any CPU
		{B7548492-B33B-4973-8210-902D18895A43}.Release|Any CPU.ActiveCfg = Release|Any CPU
		{B7548492-B33B-4973-8210-902D18895A43}.Release|Any CPU.Build.0 = Release|Any CPU
		{929EA85A-2296-4A30-8186-7DDAD315088E}.Debug|Any CPU.ActiveCfg = Debug|Any CPU
		{929EA85A-2296-4A30-8186-7DDAD315088E}.Debug|Any CPU.Build.0 = Debug|Any CPU
		{929EA85A-2296-4A30-8186-7DDAD315088E}.Release|Any CPU.ActiveCfg = Release|Any CPU
		{929EA85A-2296-4A30-8186-7DDAD315088E}.Release|Any CPU.Build.0 = Release|Any CPU
		{B66BAECA-B419-47F0-9396-4E3D2D4D4881}.Debug|Any CPU.ActiveCfg = Debug|Any CPU
		{B66BAECA-B419-47F0-9396-4E3D2D4D4881}.Debug|Any CPU.Build.0 = Debug|Any CPU
		{B66BAECA-B419-47F0-9396-4E3D2D4D4881}.Release|Any CPU.ActiveCfg = Release|Any CPU
		{B66BAECA-B419-47F0-9396-4E3D2D4D4881}.Release|Any CPU.Build.0 = Release|Any CPU
		{DD2CD5F3-106E-41B2-9EB9-5220AECC9ADE}.Debug|Any CPU.ActiveCfg = Debug|Any CPU
		{DD2CD5F3-106E-41B2-9EB9-5220AECC9ADE}.Debug|Any CPU.Build.0 = Debug|Any CPU
		{DD2CD5F3-106E-41B2-9EB9-5220AECC9ADE}.Release|Any CPU.ActiveCfg = Release|Any CPU
		{DD2CD5F3-106E-41B2-9EB9-5220AECC9ADE}.Release|Any CPU.Build.0 = Release|Any CPU
	EndGlobalSection
	GlobalSection(SolutionProperties) = preSolution
		HideSolutionNode = FALSE
	EndGlobalSection
	GlobalSection(NestedProjects) = preSolution
		{B73BB302-C2F4-4337-9334-01893414AD86} = {0ED0321E-C729-4653-BF1D-2E8DA1D1200A}
		{8A5C8714-5EF7-43B5-B4E3-BA62C944EB34} = {B73BB302-C2F4-4337-9334-01893414AD86}
		{D8AAAEA9-37AF-4404-B92D-F095F33EDD69} = {0ED0321E-C729-4653-BF1D-2E8DA1D1200A}
		{BAC1F1ED-8FF9-4FA8-8F4D-9C86A4DDFA3F} = {D8AAAEA9-37AF-4404-B92D-F095F33EDD69}
		{267C34CE-E302-4838-89B1-4DFEAB347053} = {0ED0321E-C729-4653-BF1D-2E8DA1D1200A}
		{B401B0FC-B6AE-4E0A-A6B7-24BDDA9EA2A4} = {267C34CE-E302-4838-89B1-4DFEAB347053}
		{88E48B39-A0A1-429A-8F6D-D7C2FF50706C} = {0ED0321E-C729-4653-BF1D-2E8DA1D1200A}
		{A477CF02-590F-4703-99C8-D7137C4274CF} = {88E48B39-A0A1-429A-8F6D-D7C2FF50706C}
		{41AADC90-6BFA-4DFF-8FDA-FD6F409A8366} = {88E48B39-A0A1-429A-8F6D-D7C2FF50706C}
		{55C32399-0542-40FF-B7F5-405A400FD992} = {88E48B39-A0A1-429A-8F6D-D7C2FF50706C}
		{2BE2B58E-0DA6-48DE-8CA1-2BE2FEFD32CA} = {88E48B39-A0A1-429A-8F6D-D7C2FF50706C}
		{3A9136BD-01D5-405A-A5B2-395CFD35513E} = {A477CF02-590F-4703-99C8-D7137C4274CF}
		{B7548492-B33B-4973-8210-902D18895A43} = {41AADC90-6BFA-4DFF-8FDA-FD6F409A8366}
		{929EA85A-2296-4A30-8186-7DDAD315088E} = {55C32399-0542-40FF-B7F5-405A400FD992}
		{B66BAECA-B419-47F0-9396-4E3D2D4D4881} = {2BE2B58E-0DA6-48DE-8CA1-2BE2FEFD32CA}
		{DD2CD5F3-106E-41B2-9EB9-5220AECC9ADE} = {FAAB57D6-B59B-4068-B2AF-B1716D93F2F6}
	EndGlobalSection
	GlobalSection(ExtensibilityGlobals) = postSolution
		SolutionGuid = {9336C42E-FB99-4EFF-BFA8-2943B37C3BCA}
	EndGlobalSection
EndGlobal
